
Microsoft Visual Studio Solution File, Format Version 12.00
# Visual Studio Version 16
VisualStudioVersion = 16.0.30204.135
MinimumVisualStudioVersion = 10.0.40219.1
Project("{FAE04EC0-301F-11D3-BF4B-00C04F79EFBC}") = "WindowsFormsApp1", "WindowsFormsApp1\WindowsFormsApp1.csproj", "{DE61F20B-EFD4-4837-BCF5-9C03A0AE43A6}"
EndProject
Global
	GlobalSection(SolutionConfigurationPlatforms) = preSolution
		Debug|Any CPU = Debug|Any CPU
		Release|Any CPU = Release|Any CPU
	EndGlobalSection
	GlobalSection(ProjectConfigurationPlatforms) = postSolution
		{DE61F20B-EFD4-4837-BCF5-9C03A0AE43A6}.Debug|Any CPU.ActiveCfg = Debug|Any CPU
		{DE61F20B-EFD4-4837-BCF5-9C03A0AE43A6}.Debug|Any CPU.Build.0 = Debug|Any CPU
		{DE61F20B-EFD4-4837-BCF5-9C03A0AE43A6}.Release|Any CPU.ActiveCfg = Release|Any CPU
		{DE61F20B-EFD4-4837-BCF5-9C03A0AE43A6}.Release|Any CPU.Build.0 = Release|Any CPU
	EndGlobalSection
	GlobalSection(SolutionProperties) = preSolution
		HideSolutionNode = FALSE
	EndGlobalSection
	GlobalSection(ExtensibilityGlobals) = postSolution
		SolutionGuid = {FAC3A4A8-7474-4A92-A27E-AAE9436153EA}
	EndGlobalSection
EndGlobal
